
Microsoft Visual Studio Solution File, Format Version 12.00
Project("{FAE04EC0-301F-11D3-BF4B-00C04F79EFBC}") = "ClothingStore.Domain", "ClothingStore.Domain\ClothingStore.Domain.csproj", "{4E1C3B25-9AFC-46C5-B73E-DE7EC6533038}"
EndProject
Project("{FAE04EC0-301F-11D3-BF4B-00C04F79EFBC}") = "ClothingStore.Application", "ClothingStore.Application\ClothingStore.Application.csproj", "{B962865D-3C30-4DC9-9C2A-470A3AE84C55}"
EndProject
Project("{FAE04EC0-301F-11D3-BF4B-00C04F79EFBC}") = "ClothingStore.Infrastructure", "ClothingStore.Infrastructure\ClothingStore.Infrastructure.csproj", "{3347B19A-C91C-4949-9BA4-E068E75F104E}"
EndProject
Project("{FAE04EC0-301F-11D3-BF4B-00C04F79EFBC}") = "ClothingStore.WebAPI", "ClothingStore.WebAPI\ClothingStore.WebAPI.csproj", "{65F114B1-ADD3-46EF-A60C-498C3AB903EA}"
EndProject
Project("{FAE04EC0-301F-11D3-BF4B-00C04F79EFBC}") = "ClothingStore.Tests", "ClothingStore.Tests\ClothingStore.Tests.csproj", "{ACA105AF-1C41-42A0-BD19-0DE784C40C8D}"
EndProject
Global
	GlobalSection(SolutionConfigurationPlatforms) = preSolution
		Debug|Any CPU = Debug|Any CPU
		Release|Any CPU = Release|Any CPU
	EndGlobalSection
	GlobalSection(ProjectConfigurationPlatforms) = postSolution
		{4E1C3B25-9AFC-46C5-B73E-DE7EC6533038}.Debug|Any CPU.ActiveCfg = Debug|Any CPU
		{4E1C3B25-9AFC-46C5-B73E-DE7EC6533038}.Debug|Any CPU.Build.0 = Debug|Any CPU
		{4E1C3B25-9AFC-46C5-B73E-DE7EC6533038}.Release|Any CPU.ActiveCfg = Release|Any CPU
		{4E1C3B25-9AFC-46C5-B73E-DE7EC6533038}.Release|Any CPU.Build.0 = Release|Any CPU
		{B962865D-3C30-4DC9-9C2A-470A3AE84C55}.Debug|Any CPU.ActiveCfg = Debug|Any CPU
		{B962865D-3C30-4DC9-9C2A-470A3AE84C55}.Debug|Any CPU.Build.0 = Debug|Any CPU
		{B962865D-3C30-4DC9-9C2A-470A3AE84C55}.Release|Any CPU.ActiveCfg = Release|Any CPU
		{B962865D-3C30-4DC9-9C2A-470A3AE84C55}.Release|Any CPU.Build.0 = Release|Any CPU
		{3347B19A-C91C-4949-9BA4-E068E75F104E}.Debug|Any CPU.ActiveCfg = Debug|Any CPU
		{3347B19A-C91C-4949-9BA4-E068E75F104E}.Debug|Any CPU.Build.0 = Debug|Any CPU
		{3347B19A-C91C-4949-9BA4-E068E75F104E}.Release|Any CPU.ActiveCfg = Release|Any CPU
		{3347B19A-C91C-4949-9BA4-E068E75F104E}.Release|Any CPU.Build.0 = Release|Any CPU
		{65F114B1-ADD3-46EF-A60C-498C3AB903EA}.Debug|Any CPU.ActiveCfg = Debug|Any CPU
		{65F114B1-ADD3-46EF-A60C-498C3AB903EA}.Debug|Any CPU.Build.0 = Debug|Any CPU
		{65F114B1-ADD3-46EF-A60C-498C3AB903EA}.Release|Any CPU.ActiveCfg = Release|Any CPU
		{65F114B1-ADD3-46EF-A60C-498C3AB903EA}.Release|Any CPU.Build.0 = Release|Any CPU
		{ACA105AF-1C41-42A0-BD19-0DE784C40C8D}.Debug|Any CPU.ActiveCfg = Debug|Any CPU
		{ACA105AF-1C41-42A0-BD19-0DE784C40C8D}.Debug|Any CPU.Build.0 = Debug|Any CPU
		{ACA105AF-1C41-42A0-BD19-0DE784C40C8D}.Release|Any CPU.ActiveCfg = Release|Any CPU
		{ACA105AF-1C41-42A0-BD19-0DE784C40C8D}.Release|Any CPU.Build.0 = Release|Any CPU
	EndGlobalSection
EndGlobal
